
Microsoft Visual Studio Solution File, Format Version 12.00
# Visual Studio 2013
VisualStudioVersion = 12.0.21005.1
MinimumVisualStudioVersion = 10.0.40219.1
Project("{FAE04EC0-301F-11D3-BF4B-00C04F79EFBC}") = "SocketStreamer", "SocketStreamer\SocketStreamer.csproj", "{1E603CF6-6A44-4051-AA49-13114F8FD501}"
EndProject
Project("{FAE04EC0-301F-11D3-BF4B-00C04F79EFBC}") = "StreamerWPF", "StreamerWPF\StreamerWPF.csproj", "{D78CC22D-23EC-49AD-BDA0-D273AD41DA93}"
EndProject
Global
	GlobalSection(SolutionConfigurationPlatforms) = preSolution
		Debug|Any CPU = Debug|Any CPU
		Release|Any CPU = Release|Any CPU
	EndGlobalSection
	GlobalSection(ProjectConfigurationPlatforms) = postSolution
		{1E603CF6-6A44-4051-AA49-13114F8FD501}.Debug|Any CPU.ActiveCfg = Debug|Any CPU
		{1E603CF6-6A44-4051-AA49-13114F8FD501}.Debug|Any CPU.Build.0 = Debug|Any CPU
		{1E603CF6-6A44-4051-AA49-13114F8FD501}.Release|Any CPU.ActiveCfg = Release|Any CPU
		{1E603CF6-6A44-4051-AA49-13114F8FD501}.Release|Any CPU.Build.0 = Release|Any CPU
		{D78CC22D-23EC-49AD-BDA0-D273AD41DA93}.Debug|Any CPU.ActiveCfg = Debug|Any CPU
		{D78CC22D-23EC-49AD-BDA0-D273AD41DA93}.Debug|Any CPU.Build.0 = Debug|Any CPU
		{D78CC22D-23EC-49AD-BDA0-D273AD41DA93}.Release|Any CPU.ActiveCfg = Release|Any CPU
		{D78CC22D-23EC-49AD-BDA0-D273AD41DA93}.Release|Any CPU.Build.0 = Release|Any CPU
	EndGlobalSection
	GlobalSection(SolutionProperties) = preSolution
		HideSolutionNode = FALSE
	EndGlobalSection
EndGlobal
